
Microsoft Visual Studio Solution File, Format Version 12.00
# Visual Studio 15
VisualStudioVersion = 15.0.28307.421
MinimumVisualStudioVersion = 10.0.40219.1
Project("{FAE04EC0-301F-11D3-BF4B-00C04F79EFBC}") = "Trafuga.Android", "Trafuga\Trafuga.Android\Trafuga.Android.csproj", "{973ED192-0668-468C-8F7F-C936FA0CDD57}"
EndProject
Project("{FAE04EC0-301F-11D3-BF4B-00C04F79EFBC}") = "Trafuga.iOS", "Trafuga\Trafuga.iOS\Trafuga.iOS.csproj", "{E79824DA-C1AD-480D-81ED-7CD68F479B85}"
EndProject
Project("{FAE04EC0-301F-11D3-BF4B-00C04F79EFBC}") = "Trafuga", "Trafuga\Trafuga\Trafuga.csproj", "{31C81596-D7C5-4123-B097-9DAF6A0894F4}"
EndProject
Project("{FAE04EC0-301F-11D3-BF4B-00C04F79EFBC}") = "Trafuga.Common", "Trafuga.Common\Trafuga.Common.csproj", "{97E3093B-0E5F-4B2B-9078-679C067E38D4}"
EndProject
Project("{FAE04EC0-301F-11D3-BF4B-00C04F79EFBC}") = "Trafuga.Domain", "Trafuga.Domain\Trafuga.Domain.csproj", "{894FCB2D-CB90-42E1-B8EA-04EA7A65550A}"
EndProject
Project("{FAE04EC0-301F-11D3-BF4B-00C04F79EFBC}") = "Trafuga.Backend", "Trafuga.Backend\Trafuga.Backend.csproj", "{8498BF13-D7C9-4B79-BDF3-8DD1BB217FBA}"
EndProject
Project("{FAE04EC0-301F-11D3-BF4B-00C04F79EFBC}") = "Trafuga.API", "Trafuga.API\Trafuga.API.csproj", "{07E99B20-7043-4718-864D-DDD0BEBFC242}"
EndProject
Global
	GlobalSection(SolutionConfigurationPlatforms) = preSolution
		Ad-Hoc|Any CPU = Ad-Hoc|Any CPU
		Ad-Hoc|iPhone = Ad-Hoc|iPhone
		Ad-Hoc|iPhoneSimulator = Ad-Hoc|iPhoneSimulator
		AppStore|Any CPU = AppStore|Any CPU
		AppStore|iPhone = AppStore|iPhone
		AppStore|iPhoneSimulator = AppStore|iPhoneSimulator
		Debug|Any CPU = Debug|Any CPU
		Debug|iPhone = Debug|iPhone
		Debug|iPhoneSimulator = Debug|iPhoneSimulator
		Release|Any CPU = Release|Any CPU
		Release|iPhone = Release|iPhone
		Release|iPhoneSimulator = Release|iPhoneSimulator
	EndGlobalSection
	GlobalSection(ProjectConfigurationPlatforms) = postSolution
		{973ED192-0668-468C-8F7F-C936FA0CDD57}.Ad-Hoc|Any CPU.ActiveCfg = Release|Any CPU
		{973ED192-0668-468C-8F7F-C936FA0CDD57}.Ad-Hoc|Any CPU.Build.0 = Release|Any CPU
		{973ED192-0668-468C-8F7F-C936FA0CDD57}.Ad-Hoc|Any CPU.Deploy.0 = Release|Any CPU
		{973ED192-0668-468C-8F7F-C936FA0CDD57}.Ad-Hoc|iPhone.ActiveCfg = Release|Any CPU
		{973ED192-0668-468C-8F7F-C936FA0CDD57}.Ad-Hoc|iPhone.Build.0 = Release|Any CPU
		{973ED192-0668-468C-8F7F-C936FA0CDD57}.Ad-Hoc|iPhone.Deploy.0 = Release|Any CPU
		{973ED192-0668-468C-8F7F-C936FA0CDD57}.Ad-Hoc|iPhoneSimulator.ActiveCfg = Release|Any CPU
		{973ED192-0668-468C-8F7F-C936FA0CDD57}.Ad-Hoc|iPhoneSimulator.Build.0 = Release|Any CPU
		{973ED192-0668-468C-8F7F-C936FA0CDD57}.Ad-Hoc|iPhoneSimulator.Deploy.0 = Release|Any CPU
		{973ED192-0668-468C-8F7F-C936FA0CDD57}.AppStore|Any CPU.ActiveCfg = Release|Any CPU
		{973ED192-0668-468C-8F7F-C936FA0CDD57}.AppStore|Any CPU.Build.0 = Release|Any CPU
		{973ED192-0668-468C-8F7F-C936FA0CDD57}.AppStore|Any CPU.Deploy.0 = Release|Any CPU
		{973ED192-0668-468C-8F7F-C936FA0CDD57}.AppStore|iPhone.ActiveCfg = Release|Any CPU
		{973ED192-0668-468C-8F7F-C936FA0CDD57}.AppStore|iPhone.Build.0 = Release|Any CPU
		{973ED192-0668-468C-8F7F-C936FA0CDD57}.AppStore|iPhone.Deploy.0 = Release|Any CPU
		{973ED192-0668-468C-8F7F-C936FA0CDD57}.AppStore|iPhoneSimulator.ActiveCfg = Release|Any CPU
		{973ED192-0668-468C-8F7F-C936FA0CDD57}.AppStore|iPhoneSimulator.Build.0 = Release|Any CPU
		{973ED192-0668-468C-8F7F-C936FA0CDD57}.AppStore|iPhoneSimulator.Deploy.0 = Release|Any CPU
		{973ED192-0668-468C-8F7F-C936FA0CDD57}.Debug|Any CPU.ActiveCfg = Debug|Any CPU
		{973ED192-0668-468C-8F7F-C936FA0CDD57}.Debug|Any CPU.Build.0 = Debug|Any CPU
		{973ED192-0668-468C-8F7F-C936FA0CDD57}.Debug|Any CPU.Deploy.0 = Debug|Any CPU
		{973ED192-0668-468C-8F7F-C936FA0CDD57}.Debug|iPhone.ActiveCfg = Debug|Any CPU
		{973ED192-0668-468C-8F7F-C936FA0CDD57}.Debug|iPhone.Build.0 = Debug|Any CPU
		{973ED192-0668-468C-8F7F-C936FA0CDD57}.Debug|iPhone.Deploy.0 = Debug|Any CPU
		{973ED192-0668-468C-8F7F-C936FA0CDD57}.Debug|iPhoneSimulator.ActiveCfg = Debug|Any CPU
		{973ED192-0668-468C-8F7F-C936FA0CDD57}.Debug|iPhoneSimulator.Build.0 = Debug|Any CPU
		{973ED192-0668-468C-8F7F-C936FA0CDD57}.Debug|iPhoneSimulator.Deploy.0 = Debug|Any CPU
		{973ED192-0668-468C-8F7F-C936FA0CDD57}.Release|Any CPU.ActiveCfg = Release|Any CPU
		{973ED192-0668-468C-8F7F-C936FA0CDD57}.Release|Any CPU.Build.0 = Release|Any CPU
		{973ED192-0668-468C-8F7F-C936FA0CDD57}.Release|Any CPU.Deploy.0 = Release|Any CPU
		{973ED192-0668-468C-8F7F-C936FA0CDD57}.Release|iPhone.ActiveCfg = Release|Any CPU
		{973ED192-0668-468C-8F7F-C936FA0CDD57}.Release|iPhone.Build.0 = Release|Any CPU
		{973ED192-0668-468C-8F7F-C936FA0CDD57}.Release|iPhone.Deploy.0 = Release|Any CPU
		{973ED192-0668-468C-8F7F-C936FA0CDD57}.Release|iPhoneSimulator.ActiveCfg = Release|Any CPU
		{973ED192-0668-468C-8F7F-C936FA0CDD57}.Release|iPhoneSimulator.Build.0 = Release|Any CPU
		{973ED192-0668-468C-8F7F-C936FA0CDD57}.Release|iPhoneSimulator.Deploy.0 = Release|Any CPU
		{E79824DA-C1AD-480D-81ED-7CD68F479B85}.Ad-Hoc|Any CPU.ActiveCfg = Ad-Hoc|iPhone
		{E79824DA-C1AD-480D-81ED-7CD68F479B85}.Ad-Hoc|Any CPU.Build.0 = Ad-Hoc|iPhone
		{E79824DA-C1AD-480D-81ED-7CD68F479B85}.Ad-Hoc|Any CPU.Deploy.0 = Ad-Hoc|iPhone
		{E79824DA-C1AD-480D-81ED-7CD68F479B85}.Ad-Hoc|iPhone.ActiveCfg = Ad-Hoc|iPhone
		{E79824DA-C1AD-480D-81ED-7CD68F479B85}.Ad-Hoc|iPhone.Build.0 = Ad-Hoc|iPhone
		{E79824DA-C1AD-480D-81ED-7CD68F479B85}.Ad-Hoc|iPhone.Deploy.0 = Ad-Hoc|iPhone
		{E79824DA-C1AD-480D-81ED-7CD68F479B85}.Ad-Hoc|iPhoneSimulator.ActiveCfg = Ad-Hoc|iPhoneSimulator
		{E79824DA-C1AD-480D-81ED-7CD68F479B85}.Ad-Hoc|iPhoneSimulator.Build.0 = Ad-Hoc|iPhoneSimulator
		{E79824DA-C1AD-480D-81ED-7CD68F479B85}.Ad-Hoc|iPhoneSimulator.Deploy.0 = Ad-Hoc|iPhoneSimulator
		{E79824DA-C1AD-480D-81ED-7CD68F479B85}.AppStore|Any CPU.ActiveCfg = AppStore|iPhone
		{E79824DA-C1AD-480D-81ED-7CD68F479B85}.AppStore|Any CPU.Build.0 = AppStore|iPhone
		{E79824DA-C1AD-480D-81ED-7CD68F479B85}.AppStore|Any CPU.Deploy.0 = AppStore|iPhone
		{E79824DA-C1AD-480D-81ED-7CD68F479B85}.AppStore|iPhone.ActiveCfg = AppStore|iPhone
		{E79824DA-C1AD-480D-81ED-7CD68F479B85}.AppStore|iPhone.Build.0 = AppStore|iPhone
		{E79824DA-C1AD-480D-81ED-7CD68F479B85}.AppStore|iPhone.Deploy.0 = AppStore|iPhone
		{E79824DA-C1AD-480D-81ED-7CD68F479B85}.AppStore|iPhoneSimulator.ActiveCfg = AppStore|iPhoneSimulator
		{E79824DA-C1AD-480D-81ED-7CD68F479B85}.AppStore|iPhoneSimulator.Build.0 = AppStore|iPhoneSimulator
		{E79824DA-C1AD-480D-81ED-7CD68F479B85}.AppStore|iPhoneSimulator.Deploy.0 = AppStore|iPhoneSimulator
		{E79824DA-C1AD-480D-81ED-7CD68F479B85}.Debug|Any CPU.ActiveCfg = Debug|iPhoneSimulator
		{E79824DA-C1AD-480D-81ED-7CD68F479B85}.Debug|Any CPU.Build.0 = Debug|iPhoneSimulator
		{E79824DA-C1AD-480D-81ED-7CD68F479B85}.Debug|Any CPU.Deploy.0 = Debug|iPhoneSimulator
		{E79824DA-C1AD-480D-81ED-7CD68F479B85}.Debug|iPhone.ActiveCfg = Debug|iPhone
		{E79824DA-C1AD-480D-81ED-7CD68F479B85}.Debug|iPhone.Build.0 = Debug|iPhone
		{E79824DA-C1AD-480D-81ED-7CD68F479B85}.Debug|iPhone.Deploy.0 = Debug|iPhone
		{E79824DA-C1AD-480D-81ED-7CD68F479B85}.Debug|iPhoneSimulator.ActiveCfg = Debug|iPhoneSimulator
		{E79824DA-C1AD-480D-81ED-7CD68F479B85}.Debug|iPhoneSimulator.Build.0 = Debug|iPhoneSimulator
		{E79824DA-C1AD-480D-81ED-7CD68F479B85}.Debug|iPhoneSimulator.Deploy.0 = Debug|iPhoneSimulator
		{E79824DA-C1AD-480D-81ED-7CD68F479B85}.Release|Any CPU.ActiveCfg = Release|iPhone
		{E79824DA-C1AD-480D-81ED-7CD68F479B85}.Release|Any CPU.Build.0 = Release|iPhone
		{E79824DA-C1AD-480D-81ED-7CD68F479B85}.Release|Any CPU.Deploy.0 = Release|iPhone
		{E79824DA-C1AD-480D-81ED-7CD68F479B85}.Release|iPhone.ActiveCfg = Release|iPhone
		{E79824DA-C1AD-480D-81ED-7CD68F479B85}.Release|iPhone.Build.0 = Release|iPhone
		{E79824DA-C1AD-480D-81ED-7CD68F479B85}.Release|iPhone.Deploy.0 = Release|iPhone
		{E79824DA-C1AD-480D-81ED-7CD68F479B85}.Release|iPhoneSimulator.ActiveCfg = Release|iPhoneSimulator
		{E79824DA-C1AD-480D-81ED-7CD68F479B85}.Release|iPhoneSimulator.Build.0 = Release|iPhoneSimulator
		{E79824DA-C1AD-480D-81ED-7CD68F479B85}.Release|iPhoneSimulator.Deploy.0 = Release|iPhoneSimulator
		{31C81596-D7C5-4123-B097-9DAF6A0894F4}.Ad-Hoc|Any CPU.ActiveCfg = Debug|Any CPU
		{31C81596-D7C5-4123-B097-9DAF6A0894F4}.Ad-Hoc|Any CPU.Build.0 = Debug|Any CPU
		{31C81596-D7C5-4123-B097-9DAF6A0894F4}.Ad-Hoc|Any CPU.Deploy.0 = Debug|Any CPU
		{31C81596-D7C5-4123-B097-9DAF6A0894F4}.Ad-Hoc|iPhone.ActiveCfg = Debug|Any CPU
		{31C81596-D7C5-4123-B097-9DAF6A0894F4}.Ad-Hoc|iPhone.Build.0 = Debug|Any CPU
		{31C81596-D7C5-4123-B097-9DAF6A0894F4}.Ad-Hoc|iPhone.Deploy.0 = Debug|Any CPU
		{31C81596-D7C5-4123-B097-9DAF6A0894F4}.Ad-Hoc|iPhoneSimulator.ActiveCfg = Debug|Any CPU
		{31C81596-D7C5-4123-B097-9DAF6A0894F4}.Ad-Hoc|iPhoneSimulator.Build.0 = Debug|Any CPU
		{31C81596-D7C5-4123-B097-9DAF6A0894F4}.Ad-Hoc|iPhoneSimulator.Deploy.0 = Debug|Any CPU
		{31C81596-D7C5-4123-B097-9DAF6A0894F4}.AppStore|Any CPU.ActiveCfg = Debug|Any CPU
		{31C81596-D7C5-4123-B097-9DAF6A0894F4}.AppStore|Any CPU.Build.0 = Debug|Any CPU
		{31C81596-D7C5-4123-B097-9DAF6A0894F4}.AppStore|Any CPU.Deploy.0 = Debug|Any CPU
		{31C81596-D7C5-4123-B097-9DAF6A0894F4}.AppStore|iPhone.ActiveCfg = Debug|Any CPU
		{31C81596-D7C5-4123-B097-9DAF6A0894F4}.AppStore|iPhone.Build.0 = Debug|Any CPU
		{31C81596-D7C5-4123-B097-9DAF6A0894F4}.AppStore|iPhone.Deploy.0 = Debug|Any CPU
		{31C81596-D7C5-4123-B097-9DAF6A0894F4}.AppStore|iPhoneSimulator.ActiveCfg = Debug|Any CPU
		{31C81596-D7C5-4123-B097-9DAF6A0894F4}.AppStore|iPhoneSimulator.Build.0 = Debug|Any CPU
		{31C81596-D7C5-4123-B097-9DAF6A0894F4}.AppStore|iPhoneSimulator.Deploy.0 = Debug|Any CPU
		{31C81596-D7C5-4123-B097-9DAF6A0894F4}.Debug|Any CPU.ActiveCfg = Debug|Any CPU
		{31C81596-D7C5-4123-B097-9DAF6A0894F4}.Debug|Any CPU.Build.0 = Debug|Any CPU
		{31C81596-D7C5-4123-B097-9DAF6A0894F4}.Debug|Any CPU.Deploy.0 = Debug|Any CPU
		{31C81596-D7C5-4123-B097-9DAF6A0894F4}.Debug|iPhone.ActiveCfg = Debug|Any CPU
		{31C81596-D7C5-4123-B097-9DAF6A0894F4}.Debug|iPhone.Build.0 = Debug|Any CPU
		{31C81596-D7C5-4123-B097-9DAF6A0894F4}.Debug|iPhone.Deploy.0 = Debug|Any CPU
		{31C81596-D7C5-4123-B097-9DAF6A0894F4}.Debug|iPhoneSimulator.ActiveCfg = Debug|Any CPU
		{31C81596-D7C5-4123-B097-9DAF6A0894F4}.Debug|iPhoneSimulator.Build.0 = Debug|Any CPU
		{31C81596-D7C5-4123-B097-9DAF6A0894F4}.Debug|iPhoneSimulator.Deploy.0 = Debug|Any CPU
		{31C81596-D7C5-4123-B097-9DAF6A0894F4}.Release|Any CPU.ActiveCfg = Release|Any CPU
		{31C81596-D7C5-4123-B097-9DAF6A0894F4}.Release|Any CPU.Build.0 = Release|Any CPU
		{31C81596-D7C5-4123-B097-9DAF6A0894F4}.Release|Any CPU.Deploy.0 = Release|Any CPU
		{31C81596-D7C5-4123-B097-9DAF6A0894F4}.Release|iPhone.ActiveCfg = Release|Any CPU
		{31C81596-D7C5-4123-B097-9DAF6A0894F4}.Release|iPhone.Build.0 = Release|Any CPU
		{31C81596-D7C5-4123-B097-9DAF6A0894F4}.Release|iPhone.Deploy.0 = Release|Any CPU
		{31C81596-D7C5-4123-B097-9DAF6A0894F4}.Release|iPhoneSimulator.ActiveCfg = Release|Any CPU
		{31C81596-D7C5-4123-B097-9DAF6A0894F4}.Release|iPhoneSimulator.Build.0 = Release|Any CPU
		{31C81596-D7C5-4123-B097-9DAF6A0894F4}.Release|iPhoneSimulator.Deploy.0 = Release|Any CPU
		{97E3093B-0E5F-4B2B-9078-679C067E38D4}.Ad-Hoc|Any CPU.ActiveCfg = Release|Any CPU
		{97E3093B-0E5F-4B2B-9078-679C067E38D4}.Ad-Hoc|Any CPU.Build.0 = Release|Any CPU
		{97E3093B-0E5F-4B2B-9078-679C067E38D4}.Ad-Hoc|iPhone.ActiveCfg = Release|Any CPU
		{97E3093B-0E5F-4B2B-9078-679C067E38D4}.Ad-Hoc|iPhone.Build.0 = Release|Any CPU
		{97E3093B-0E5F-4B2B-9078-679C067E38D4}.Ad-Hoc|iPhoneSimulator.ActiveCfg = Release|Any CPU
		{97E3093B-0E5F-4B2B-9078-679C067E38D4}.Ad-Hoc|iPhoneSimulator.Build.0 = Release|Any CPU
		{97E3093B-0E5F-4B2B-9078-679C067E38D4}.AppStore|Any CPU.ActiveCfg = Release|Any CPU
		{97E3093B-0E5F-4B2B-9078-679C067E38D4}.AppStore|Any CPU.Build.0 = Release|Any CPU
		{97E3093B-0E5F-4B2B-9078-679C067E38D4}.AppStore|iPhone.ActiveCfg = Release|Any CPU
		{97E3093B-0E5F-4B2B-9078-679C067E38D4}.AppStore|iPhone.Build.0 = Release|Any CPU
		{97E3093B-0E5F-4B2B-9078-679C067E38D4}.AppStore|iPhoneSimulator.ActiveCfg = Release|Any CPU
		{97E3093B-0E5F-4B2B-9078-679C067E38D4}.AppStore|iPhoneSimulator.Build.0 = Release|Any CPU
		{97E3093B-0E5F-4B2B-9078-679C067E38D4}.Debug|Any CPU.ActiveCfg = Debug|Any CPU
		{97E3093B-0E5F-4B2B-9078-679C067E38D4}.Debug|Any CPU.Build.0 = Debug|Any CPU
		{97E3093B-0E5F-4B2B-9078-679C067E38D4}.Debug|iPhone.ActiveCfg = Debug|Any CPU
		{97E3093B-0E5F-4B2B-9078-679C067E38D4}.Debug|iPhone.Build.0 = Debug|Any CPU
		{97E3093B-0E5F-4B2B-9078-679C067E38D4}.Debug|iPhoneSimulator.ActiveCfg = Debug|Any CPU
		{97E3093B-0E5F-4B2B-9078-679C067E38D4}.Debug|iPhoneSimulator.Build.0 = Debug|Any CPU
		{97E3093B-0E5F-4B2B-9078-679C067E38D4}.Release|Any CPU.ActiveCfg = Release|Any CPU
		{97E3093B-0E5F-4B2B-9078-679C067E38D4}.Release|Any CPU.Build.0 = Release|Any CPU
		{97E3093B-0E5F-4B2B-9078-679C067E38D4}.Release|iPhone.ActiveCfg = Release|Any CPU
		{97E3093B-0E5F-4B2B-9078-679C067E38D4}.Release|iPhone.Build.0 = Release|Any CPU
		{97E3093B-0E5F-4B2B-9078-679C067E38D4}.Release|iPhoneSimulator.ActiveCfg = Release|Any CPU
		{97E3093B-0E5F-4B2B-9078-679C067E38D4}.Release|iPhoneSimulator.Build.0 = Release|Any CPU
		{894FCB2D-CB90-42E1-B8EA-04EA7A65550A}.Ad-Hoc|Any CPU.ActiveCfg = Release|Any CPU
		{894FCB2D-CB90-42E1-B8EA-04EA7A65550A}.Ad-Hoc|Any CPU.Build.0 = Release|Any CPU
		{894FCB2D-CB90-42E1-B8EA-04EA7A65550A}.Ad-Hoc|iPhone.ActiveCfg = Release|Any CPU
		{894FCB2D-CB90-42E1-B8EA-04EA7A65550A}.Ad-Hoc|iPhone.Build.0 = Release|Any CPU
		{894FCB2D-CB90-42E1-B8EA-04EA7A65550A}.Ad-Hoc|iPhoneSimulator.ActiveCfg = Release|Any CPU
		{894FCB2D-CB90-42E1-B8EA-04EA7A65550A}.Ad-Hoc|iPhoneSimulator.Build.0 = Release|Any CPU
		{894FCB2D-CB90-42E1-B8EA-04EA7A65550A}.AppStore|Any CPU.ActiveCfg = Release|Any CPU
		{894FCB2D-CB90-42E1-B8EA-04EA7A65550A}.AppStore|Any CPU.Build.0 = Release|Any CPU
		{894FCB2D-CB90-42E1-B8EA-04EA7A65550A}.AppStore|iPhone.ActiveCfg = Release|Any CPU
		{894FCB2D-CB90-42E1-B8EA-04EA7A65550A}.AppStore|iPhone.Build.0 = Release|Any CPU
		{894FCB2D-CB90-42E1-B8EA-04EA7A65550A}.AppStore|iPhoneSimulator.ActiveCfg = Release|Any CPU
		{894FCB2D-CB90-42E1-B8EA-04EA7A65550A}.AppStore|iPhoneSimulator.Build.0 = Release|Any CPU
		{894FCB2D-CB90-42E1-B8EA-04EA7A65550A}.Debug|Any CPU.ActiveCfg = Debug|Any CPU
		{894FCB2D-CB90-42E1-B8EA-04EA7A65550A}.Debug|Any CPU.Build.0 = Debug|Any CPU
		{894FCB2D-CB90-42E1-B8EA-04EA7A65550A}.Debug|iPhone.ActiveCfg = Debug|Any CPU
		{894FCB2D-CB90-42E1-B8EA-04EA7A65550A}.Debug|iPhone.Build.0 = Debug|Any CPU
		{894FCB2D-CB90-42E1-B8EA-04EA7A65550A}.Debug|iPhoneSimulator.ActiveCfg = Debug|Any CPU
		{894FCB2D-CB90-42E1-B8EA-04EA7A65550A}.Debug|iPhoneSimulator.Build.0 = Debug|Any CPU
		{894FCB2D-CB90-42E1-B8EA-04EA7A65550A}.Release|Any CPU.ActiveCfg = Release|Any CPU
		{894FCB2D-CB90-42E1-B8EA-04EA7A65550A}.Release|Any CPU.Build.0 = Release|Any CPU
		{894FCB2D-CB90-42E1-B8EA-04EA7A65550A}.Release|iPhone.ActiveCfg = Release|Any CPU
		{894FCB2D-CB90-42E1-B8EA-04EA7A65550A}.Release|iPhone.Build.0 = Release|Any CPU
		{894FCB2D-CB90-42E1-B8EA-04EA7A65550A}.Release|iPhoneSimulator.ActiveCfg = Release|Any CPU
		{894FCB2D-CB90-42E1-B8EA-04EA7A65550A}.Release|iPhoneSimulator.Build.0 = Release|Any CPU
		{8498BF13-D7C9-4B79-BDF3-8DD1BB217FBA}.Ad-Hoc|Any CPU.ActiveCfg = Release|Any CPU
		{8498BF13-D7C9-4B79-BDF3-8DD1BB217FBA}.Ad-Hoc|Any CPU.Build.0 = Release|Any CPU
		{8498BF13-D7C9-4B79-BDF3-8DD1BB217FBA}.Ad-Hoc|iPhone.ActiveCfg = Release|Any CPU
		{8498BF13-D7C9-4B79-BDF3-8DD1BB217FBA}.Ad-Hoc|iPhone.Build.0 = Release|Any CPU
		{8498BF13-D7C9-4B79-BDF3-8DD1BB217FBA}.Ad-Hoc|iPhoneSimulator.ActiveCfg = Release|Any CPU
		{8498BF13-D7C9-4B79-BDF3-8DD1BB217FBA}.Ad-Hoc|iPhoneSimulator.Build.0 = Release|Any CPU
		{8498BF13-D7C9-4B79-BDF3-8DD1BB217FBA}.AppStore|Any CPU.ActiveCfg = Release|Any CPU
		{8498BF13-D7C9-4B79-BDF3-8DD1BB217FBA}.AppStore|Any CPU.Build.0 = Release|Any CPU
		{8498BF13-D7C9-4B79-BDF3-8DD1BB217FBA}.AppStore|iPhone.ActiveCfg = Release|Any CPU
		{8498BF13-D7C9-4B79-BDF3-8DD1BB217FBA}.AppStore|iPhone.Build.0 = Release|Any CPU
		{8498BF13-D7C9-4B79-BDF3-8DD1BB217FBA}.AppStore|iPhoneSimulator.ActiveCfg = Release|Any CPU
		{8498BF13-D7C9-4B79-BDF3-8DD1BB217FBA}.AppStore|iPhoneSimulator.Build.0 = Release|Any CPU
		{8498BF13-D7C9-4B79-BDF3-8DD1BB217FBA}.Debug|Any CPU.ActiveCfg = Debug|Any CPU
		{8498BF13-D7C9-4B79-BDF3-8DD1BB217FBA}.Debug|Any CPU.Build.0 = Debug|Any CPU
		{8498BF13-D7C9-4B79-BDF3-8DD1BB217FBA}.Debug|iPhone.ActiveCfg = Debug|Any CPU
		{8498BF13-D7C9-4B79-BDF3-8DD1BB217FBA}.Debug|iPhone.Build.0 = Debug|Any CPU
		{8498BF13-D7C9-4B79-BDF3-8DD1BB217FBA}.Debug|iPhoneSimulator.ActiveCfg = Debug|Any CPU
		{8498BF13-D7C9-4B79-BDF3-8DD1BB217FBA}.Debug|iPhoneSimulator.Build.0 = Debug|Any CPU
		{8498BF13-D7C9-4B79-BDF3-8DD1BB217FBA}.Release|Any CPU.ActiveCfg = Release|Any CPU
		{8498BF13-D7C9-4B79-BDF3-8DD1BB217FBA}.Release|Any CPU.Build.0 = Release|Any CPU
		{8498BF13-D7C9-4B79-BDF3-8DD1BB217FBA}.Release|iPhone.ActiveCfg = Release|Any CPU
		{8498BF13-D7C9-4B79-BDF3-8DD1BB217FBA}.Release|iPhone.Build.0 = Release|Any CPU
		{8498BF13-D7C9-4B79-BDF3-8DD1BB217FBA}.Release|iPhoneSimulator.ActiveCfg = Release|Any CPU
		{8498BF13-D7C9-4B79-BDF3-8DD1BB217FBA}.Release|iPhoneSimulator.Build.0 = Release|Any CPU
		{07E99B20-7043-4718-864D-DDD0BEBFC242}.Ad-Hoc|Any CPU.ActiveCfg = Release|Any CPU
		{07E99B20-7043-4718-864D-DDD0BEBFC242}.Ad-Hoc|Any CPU.Build.0 = Release|Any CPU
		{07E99B20-7043-4718-864D-DDD0BEBFC242}.Ad-Hoc|iPhone.ActiveCfg = Release|Any CPU
		{07E99B20-7043-4718-864D-DDD0BEBFC242}.Ad-Hoc|iPhone.Build.0 = Release|Any CPU
		{07E99B20-7043-4718-864D-DDD0BEBFC242}.Ad-Hoc|iPhoneSimulator.ActiveCfg = Release|Any CPU
		{07E99B20-7043-4718-864D-DDD0BEBFC242}.Ad-Hoc|iPhoneSimulator.Build.0 = Release|Any CPU
		{07E99B20-7043-4718-864D-DDD0BEBFC242}.AppStore|Any CPU.ActiveCfg = Release|Any CPU
		{07E99B20-7043-4718-864D-DDD0BEBFC242}.AppStore|Any CPU.Build.0 = Release|Any CPU
		{07E99B20-7043-4718-864D-DDD0BEBFC242}.AppStore|iPhone.ActiveCfg = Release|Any CPU
		{07E99B20-7043-4718-864D-DDD0BEBFC242}.AppStore|iPhone.Build.0 = Release|Any CPU
		{07E99B20-7043-4718-864D-DDD0BEBFC242}.AppStore|iPhoneSimulator.ActiveCfg = Release|Any CPU
		{07E99B20-7043-4718-864D-DDD0BEBFC242}.AppStore|iPhoneSimulator.Build.0 = Release|Any CPU
		{07E99B20-7043-4718-864D-DDD0BEBFC242}.Debug|Any CPU.ActiveCfg = Debug|Any CPU
		{07E99B20-7043-4718-864D-DDD0BEBFC242}.Debug|Any CPU.Build.0 = Debug|Any CPU
		{07E99B20-7043-4718-864D-DDD0BEBFC242}.Debug|iPhone.ActiveCfg = Debug|Any CPU
		{07E99B20-7043-4718-864D-DDD0BEBFC242}.Debug|iPhone.Build.0 = Debug|Any CPU
		{07E99B20-7043-4718-864D-DDD0BEBFC242}.Debug|iPhoneSimulator.ActiveCfg = Debug|Any CPU
		{07E99B20-7043-4718-864D-DDD0BEBFC242}.Debug|iPhoneSimulator.Build.0 = Debug|Any CPU
		{07E99B20-7043-4718-864D-DDD0BEBFC242}.Release|Any CPU.ActiveCfg = Release|Any CPU
		{07E99B20-7043-4718-864D-DDD0BEBFC242}.Release|Any CPU.Build.0 = Release|Any CPU
		{07E99B20-7043-4718-864D-DDD0BEBFC242}.Release|iPhone.ActiveCfg = Release|Any CPU
		{07E99B20-7043-4718-864D-DDD0BEBFC242}.Release|iPhone.Build.0 = Release|Any CPU
		{07E99B20-7043-4718-864D-DDD0BEBFC242}.Release|iPhoneSimulator.ActiveCfg = Release|Any CPU
		{07E99B20-7043-4718-864D-DDD0BEBFC242}.Release|iPhoneSimulator.Build.0 = Release|Any CPU
	EndGlobalSection
	GlobalSection(SolutionProperties) = preSolution
		HideSolutionNode = FALSE
	EndGlobalSection
	GlobalSection(ExtensibilityGlobals) = postSolution
		SolutionGuid = {D38A22BD-BB9C-4235-8175-874FFC239E62}
	EndGlobalSection
EndGlobal
